# THIS IS AN AUTOGENERATED FILE. DO NOT EDIT THIS FILE DIRECTLY.
# yarn lockfile v1


vite-plugin-prebundle-workers@^0.2.0:
  version "0.2.0"
  resolved "https://registry.yarnpkg.com/vite-plugin-prebundle-workers/-/vite-plugin-prebundle-workers-0.2.0.tgz#d270a2a8d04a33fcb23d7dc2b24cfcf5fc076cc6"
  integrity sha512-fSU2vJxD/rYD7XJ4aEAk8Y8xzkPHId1DDOm/bCAijp4wg1wotdY3l7e20UGO/GRmGs9O0TRv1rmGCfZ45LVI5A==
